
Microsoft Visual Studio Solution File, Format Version 12.00
# Visual Studio Version 17
VisualStudioVersion = 17.13.35818.85 d17.13
MinimumVisualStudioVersion = 10.0.40219.1
Project("{2150E333-8FDC-42A3-9474-1A3956D46DE8}") = "solutionitems", "solutionitems", "{02EA681E-C7D8-13C7-8484-4AC65E1B71E8}"
EndProject
Project("{2150E333-8FDC-42A3-9474-1A3956D46DE8}") = "src", "src", "{2AD986CC-8F83-4E33-97BA-A57745D15C23}"
EndProject
Project("{FAE04EC0-301F-11D3-BF4B-00C04F79EFBC}") = "Youtan.Challenge.Front", "Youtan.Challenge.Front\Youtan.Challenge.Front.csproj", "{13F98E43-3EA6-4149-9D68-5D1D52666AF5}"
EndProject
Global
	GlobalSection(SolutionConfigurationPlatforms) = preSolution
		Debug|Any CPU = Debug|Any CPU
		Release|Any CPU = Release|Any CPU
	EndGlobalSection
	GlobalSection(ProjectConfigurationPlatforms) = postSolution
		{13F98E43-3EA6-4149-9D68-5D1D52666AF5}.Debug|Any CPU.ActiveCfg = Debug|Any CPU
		{13F98E43-3EA6-4149-9D68-5D1D52666AF5}.Debug|Any CPU.Build.0 = Debug|Any CPU
		{13F98E43-3EA6-4149-9D68-5D1D52666AF5}.Release|Any CPU.ActiveCfg = Release|Any CPU
		{13F98E43-3EA6-4149-9D68-5D1D52666AF5}.Release|Any CPU.Build.0 = Release|Any CPU
	EndGlobalSection
	GlobalSection(SolutionProperties) = preSolution
		HideSolutionNode = FALSE
	EndGlobalSection
	GlobalSection(NestedProjects) = preSolution
		{13F98E43-3EA6-4149-9D68-5D1D52666AF5} = {2AD986CC-8F83-4E33-97BA-A57745D15C23}
	EndGlobalSection
	GlobalSection(ExtensibilityGlobals) = postSolution
		SolutionGuid = {46EE304D-AB0B-4161-8FF8-9FD2AF9203C1}
	EndGlobalSection
EndGlobal
